// !$*UTF8*$!
{
	archiveVersion = 1;
	classes = {
	};
	objectVersion = 50;
	objects = {

/* Begin PBXBuildFile section */
		94413AA624806F9800329A04 /* Tabby.entitlements in Resources */ = {isa = PBXBuildFile; fileRef = 94413AA524806F9800329A04 /* Tabby.entitlements */; };
		94413AA824806F9800329A04 /* AppDelegate.swift in Sources */ = {isa = PBXBuildFile; fileRef = 94413AA724806F9800329A04 /* AppDelegate.swift */; };
		94413AB624806F9C00329A04 /* Tabby the Copycat Extension.appex in Embed App Extensions */ = {isa = PBXBuildFile; fileRef = 94413AB524806F9C00329A04 /* Tabby the Copycat Extension.appex */; settings = {ATTRIBUTES = (RemoveHeadersOnCopy, ); }; };
		94413ABB24806F9C00329A04 /* Cocoa.framework in Frameworks */ = {isa = PBXBuildFile; fileRef = 94413ABA24806F9C00329A04 /* Cocoa.framework */; };
		94413AD424807C7C00329A04 /* Main.storyboard in Resources */ = {isa = PBXBuildFile; fileRef = 94413AD324807C7C00329A04 /* Main.storyboard */; };
		94413AD624807C9700329A04 /* Assets.xcassets in Resources */ = {isa = PBXBuildFile; fileRef = 94413AD524807C9700329A04 /* Assets.xcassets */; };
		94413AD824807CA500329A04 /* ViewController.swift in Sources */ = {isa = PBXBuildFile; fileRef = 94413AD724807CA500329A04 /* ViewController.swift */; };
		94413ADA24807D6100329A04 /* SafariExtensionHandler.swift in Sources */ = {isa = PBXBuildFile; fileRef = 94413AD924807D6100329A04 /* SafariExtensionHandler.swift */; };
		9481C7DC24873C940092D070 /* ToolbarItemIconCopied.pdf in Resources */ = {isa = PBXBuildFile; fileRef = 9481C7DA24873C940092D070 /* ToolbarItemIconCopied.pdf */; };
		9481C7DD24873C940092D070 /* ToolbarItemIcon.pdf in Resources */ = {isa = PBXBuildFile; fileRef = 9481C7DB24873C940092D070 /* ToolbarItemIcon.pdf */; };
		94E57AD3254A2F6F00FDC861 /* TabExtractor.swift in Sources */ = {isa = PBXBuildFile; fileRef = 94E57AD2254A2F6F00FDC861 /* TabExtractor.swift */; };
		94E57AD7254A389500FDC861 /* ClipboardAgent.swift in Sources */ = {isa = PBXBuildFile; fileRef = 94E57AD6254A389500FDC861 /* ClipboardAgent.swift */; };
/* End PBXBuildFile section */

/* Begin PBXContainerItemProxy section */
		94413AB724806F9C00329A04 /* PBXContainerItemProxy */ = {
			isa = PBXContainerItemProxy;
			containerPortal = 94413A9A24806F9800329A04 /* Project object */;
			proxyType = 1;
			remoteGlobalIDString = 94413AB424806F9C00329A04;
			remoteInfo = "Tabby Extension";
		};
/* End PBXContainerItemProxy section */

/* Begin PBXCopyFilesBuildPhase section */
		94413ACF24806F9C00329A04 /* Embed App Extensions */ = {
			isa = PBXCopyFilesBuildPhase;
			buildActionMask = 2147483647;
			dstPath = "";
			dstSubfolderSpec = 13;
			files = (
				94413AB624806F9C00329A04 /* Tabby the Copycat Extension.appex in Embed App Extensions */,
			);
			name = "Embed App Extensions";
			runOnlyForDeploymentPostprocessing = 0;
		};
/* End PBXCopyFilesBuildPhase section */

/* Begin PBXFileReference section */
		94413AA224806F9800329A04 /* Tabby the Copycat.app */ = {isa = PBXFileReference; explicitFileType = wrapper.application; includeInIndex = 0; path = "Tabby the Copycat.app"; sourceTree = BUILT_PRODUCTS_DIR; };
		94413AA524806F9800329A04 /* Tabby.entitlements */ = {isa = PBXFileReference; lastKnownFileType = text.plist.entitlements; path = Tabby.entitlements; sourceTree = "<group>"; };
		94413AA724806F9800329A04 /* AppDelegate.swift */ = {isa = PBXFileReference; lastKnownFileType = sourcecode.swift; path = AppDelegate.swift; sourceTree = "<group>"; };
		94413AB024806F9B00329A04 /* Info.plist */ = {isa = PBXFileReference; lastKnownFileType = text.plist.xml; path = Info.plist; sourceTree = "<group>"; };
		94413AB524806F9C00329A04 /* Tabby the Copycat Extension.appex */ = {isa = PBXFileReference; explicitFileType = "wrapper.app-extension"; includeInIndex = 0; path = "Tabby the Copycat Extension.appex"; sourceTree = BUILT_PRODUCTS_DIR; };
		94413ABA24806F9C00329A04 /* Cocoa.framework */ = {isa = PBXFileReference; lastKnownFileType = wrapper.framework; name = Cocoa.framework; path = System/Library/Frameworks/Cocoa.framework; sourceTree = SDKROOT; };
		94413AC424806F9C00329A04 /* Info.plist */ = {isa = PBXFileReference; lastKnownFileType = text.plist.xml; path = Info.plist; sourceTree = "<group>"; };
		94413AC924806F9C00329A04 /* Tabby_Extension.entitlements */ = {isa = PBXFileReference; lastKnownFileType = text.plist.entitlements; path = Tabby_Extension.entitlements; sourceTree = "<group>"; };
		94413AD324807C7C00329A04 /* Main.storyboard */ = {isa = PBXFileReference; fileEncoding = 4; lastKnownFileType = file.storyboard; path = Main.storyboard; sourceTree = "<group>"; };
		94413AD524807C9700329A04 /* Assets.xcassets */ = {isa = PBXFileReference; lastKnownFileType = folder.assetcatalog; path = Assets.xcassets; sourceTree = "<group>"; };
		94413AD724807CA500329A04 /* ViewController.swift */ = {isa = PBXFileReference; fileEncoding = 4; lastKnownFileType = sourcecode.swift; path = ViewController.swift; sourceTree = "<group>"; };
		94413AD924807D6100329A04 /* SafariExtensionHandler.swift */ = {isa = PBXFileReference; fileEncoding = 4; lastKnownFileType = sourcecode.swift; path = SafariExtensionHandler.swift; sourceTree = "<group>"; };
		9481C7DA24873C940092D070 /* ToolbarItemIconCopied.pdf */ = {isa = PBXFileReference; lastKnownFileType = image.pdf; name = ToolbarItemIconCopied.pdf; path = Art/Flat/ToolbarItemIconCopied.pdf; sourceTree = SOURCE_ROOT; };
		9481C7DB24873C940092D070 /* ToolbarItemIcon.pdf */ = {isa = PBXFileReference; lastKnownFileType = image.pdf; name = ToolbarItemIcon.pdf; path = Art/Flat/ToolbarItemIcon.pdf; sourceTree = SOURCE_ROOT; };
		94E57AD2254A2F6F00FDC861 /* TabExtractor.swift */ = {isa = PBXFileReference; lastKnownFileType = sourcecode.swift; path = TabExtractor.swift; sourceTree = "<group>"; };
		94E57AD6254A389500FDC861 /* ClipboardAgent.swift */ = {isa = PBXFileReference; lastKnownFileType = sourcecode.swift; path = ClipboardAgent.swift; sourceTree = "<group>"; };
/* End PBXFileReference section */

/* Begin PBXFrameworksBuildPhase section */
		94413A9F24806F9800329A04 /* Frameworks */ = {
			isa = PBXFrameworksBuildPhase;
			buildActionMask = 2147483647;
			files = (
			);
			runOnlyForDeploymentPostprocessing = 0;
		};
		94413AB224806F9C00329A04 /* Frameworks */ = {
			isa = PBXFrameworksBuildPhase;
			buildActionMask = 2147483647;
			files = (
				94413ABB24806F9C00329A04 /* Cocoa.framework in Frameworks */,
			);
			runOnlyForDeploymentPostprocessing = 0;
		};
/* End PBXFrameworksBuildPhase section */

/* Begin PBXGroup section */
		94413A9924806F9800329A04 = {
			isa = PBXGroup;
			children = (
				94413AA424806F9800329A04 /* Tabby */,
				94413ABC24806F9C00329A04 /* Tabby Extension */,
				94413AB924806F9C00329A04 /* Frameworks */,
				94413AA324806F9800329A04 /* Products */,
			);
			sourceTree = "<group>";
		};
		94413AA324806F9800329A04 /* Products */ = {
			isa = PBXGroup;
			children = (
				94413AA224806F9800329A04 /* Tabby the Copycat.app */,
				94413AB524806F9C00329A04 /* Tabby the Copycat Extension.appex */,
			);
			name = Products;
			sourceTree = "<group>";
		};
		94413AA424806F9800329A04 /* Tabby */ = {
			isa = PBXGroup;
			children = (
				94413AA524806F9800329A04 /* Tabby.entitlements */,
				94413AA724806F9800329A04 /* AppDelegate.swift */,
				94413AD324807C7C00329A04 /* Main.storyboard */,
				94413AD724807CA500329A04 /* ViewController.swift */,
				94413AD524807C9700329A04 /* Assets.xcassets */,
				94413AB024806F9B00329A04 /* Info.plist */,
			);
			path = Tabby;
			sourceTree = "<group>";
		};
		94413AB924806F9C00329A04 /* Frameworks */ = {
			isa = PBXGroup;
			children = (
				94413ABA24806F9C00329A04 /* Cocoa.framework */,
			);
			name = Frameworks;
			sourceTree = "<group>";
		};
		94413ABC24806F9C00329A04 /* Tabby Extension */ = {
			isa = PBXGroup;
			children = (
				94413AD924807D6100329A04 /* SafariExtensionHandler.swift */,
				9481C7DB24873C940092D070 /* ToolbarItemIcon.pdf */,
				9481C7DA24873C940092D070 /* ToolbarItemIconCopied.pdf */,
				94413AC424806F9C00329A04 /* Info.plist */,
				94413AC924806F9C00329A04 /* Tabby_Extension.entitlements */,
				94E57AD2254A2F6F00FDC861 /* TabExtractor.swift */,
				94E57AD6254A389500FDC861 /* ClipboardAgent.swift */,
			);
			path = "Tabby Extension";
			sourceTree = "<group>";
		};
/* End PBXGroup section */

/* Begin PBXNativeTarget section */
		94413AA124806F9800329A04 /* Tabby the Copycat */ = {
			isa = PBXNativeTarget;
			buildConfigurationList = 94413AD024806F9C00329A04 /* Build configuration list for PBXNativeTarget "Tabby the Copycat" */;
			buildPhases = (
				94413A9E24806F9800329A04 /* Sources */,
				94413A9F24806F9800329A04 /* Frameworks */,
				94413AA024806F9800329A04 /* Resources */,
				94413ACF24806F9C00329A04 /* Embed App Extensions */,
			);
			buildRules = (
			);
			dependencies = (
				94413AB824806F9C00329A04 /* PBXTargetDependency */,
			);
			name = "Tabby the Copycat";
			productName = Tabby;
			productReference = 94413AA224806F9800329A04 /* Tabby the Copycat.app */;
			productType = "com.apple.product-type.application";
		};
		94413AB424806F9C00329A04 /* Tabby the Copycat Extension */ = {
			isa = PBXNativeTarget;
			buildConfigurationList = 94413ACC24806F9C00329A04 /* Build configuration list for PBXNativeTarget "Tabby the Copycat Extension" */;
			buildPhases = (
				94413AB124806F9C00329A04 /* Sources */,
				94413AB224806F9C00329A04 /* Frameworks */,
				94413AB324806F9C00329A04 /* Resources */,
			);
			buildRules = (
			);
			dependencies = (
			);
			name = "Tabby the Copycat Extension";
			productName = "Tabby Extension";
			productReference = 94413AB524806F9C00329A04 /* Tabby the Copycat Extension.appex */;
			productType = "com.apple.product-type.app-extension";
		};
/* End PBXNativeTarget section */

/* Begin PBXProject section */
		94413A9A24806F9800329A04 /* Project object */ = {
			isa = PBXProject;
			attributes = {
				LastSwiftUpdateCheck = 1150;
				LastUpgradeCheck = 1150;
				ORGANIZATIONNAME = Wingover;
				TargetAttributes = {
					94413AA124806F9800329A04 = {
						CreatedOnToolsVersion = 11.5;
					};
					94413AB424806F9C00329A04 = {
						CreatedOnToolsVersion = 11.5;
					};
				};
			};
			buildConfigurationList = 94413A9D24806F9800329A04 /* Build configuration list for PBXProject "Tabby the Copycat" */;
			compatibilityVersion = "Xcode 9.3";
			developmentRegion = en;
			hasScannedForEncodings = 0;
			knownRegions = (
				en,
				Base,
			);
			mainGroup = 94413A9924806F9800329A04;
			productRefGroup = 94413AA324806F9800329A04 /* Products */;
			projectDirPath = "";
			projectRoot = "";
			targets = (
				94413AA124806F9800329A04 /* Tabby the Copycat */,
				94413AB424806F9C00329A04 /* Tabby the Copycat Extension */,
			);
		};
/* End PBXProject section */

/* Begin PBXResourcesBuildPhase section */
		94413AA024806F9800329A04 /* Resources */ = {
			isa = PBXResourcesBuildPhase;
			buildActionMask = 2147483647;
			files = (
				94413AD424807C7C00329A04 /* Main.storyboard in Resources */,
				94413AD624807C9700329A04 /* Assets.xcassets in Resources */,
				94413AA624806F9800329A04 /* Tabby.entitlements in Resources */,
			);
			runOnlyForDeploymentPostprocessing = 0;
		};
		94413AB324806F9C00329A04 /* Resources */ = {
			isa = PBXResourcesBuildPhase;
			buildActionMask = 2147483647;
			files = (
				9481C7DD24873C940092D070 /* ToolbarItemIcon.pdf in Resources */,
				9481C7DC24873C940092D070 /* ToolbarItemIconCopied.pdf in Resources */,
			);
			runOnlyForDeploymentPostprocessing = 0;
		};
/* End PBXResourcesBuildPhase section */

/* Begin PBXSourcesBuildPhase section */
		94413A9E24806F9800329A04 /* Sources */ = {
			isa = PBXSourcesBuildPhase;
			buildActionMask = 2147483647;
			files = (
				94413AD824807CA500329A04 /* ViewController.swift in Sources */,
				94413AA824806F9800329A04 /* AppDelegate.swift in Sources */,
			);
			runOnlyForDeploymentPostprocessing = 0;
		};
		94413AB124806F9C00329A04 /* Sources */ = {
			isa = PBXSourcesBuildPhase;
			buildActionMask = 2147483647;
			files = (
				94E57AD3254A2F6F00FDC861 /* TabExtractor.swift in Sources */,
				94E57AD7254A389500FDC861 /* ClipboardAgent.swift in Sources */,
				94413ADA24807D6100329A04 /* SafariExtensionHandler.swift in Sources */,
			);
			runOnlyForDeploymentPostprocessing = 0;
		};
/* End PBXSourcesBuildPhase section */

/* Begin PBXTargetDependency section */
		94413AB824806F9C00329A04 /* PBXTargetDependency */ = {
			isa = PBXTargetDependency;
			target = 94413AB424806F9C00329A04 /* Tabby the Copycat Extension */;
			targetProxy = 94413AB724806F9C00329A04 /* PBXContainerItemProxy */;
		};
/* End PBXTargetDependency section */

/* Begin XCBuildConfiguration section */
		94413ACA24806F9C00329A04 /* Debug */ = {
			isa = XCBuildConfiguration;
			buildSettings = {
				ALWAYS_SEARCH_USER_PATHS = NO;
				CLANG_ANALYZER_NONNULL = YES;
				CLANG_ANALYZER_NUMBER_OBJECT_CONVERSION = YES_AGGRESSIVE;
				CLANG_CXX_LANGUAGE_STANDARD = "gnu++14";
				CLANG_CXX_LIBRARY = "libc++";
				CLANG_ENABLE_MODULES = YES;
				CLANG_ENABLE_OBJC_ARC = YES;
				CLANG_ENABLE_OBJC_WEAK = YES;
				CLANG_WARN_BLOCK_CAPTURE_AUTORELEASING = YES;
				CLANG_WARN_BOOL_CONVERSION = YES;
				CLANG_WARN_COMMA = YES;
				CLANG_WARN_CONSTANT_CONVERSION = YES;
				CLANG_WARN_DEPRECATED_OBJC_IMPLEMENTATIONS = YES;
				CLANG_WARN_DIRECT_OBJC_ISA_USAGE = YES_ERROR;
				CLANG_WARN_DOCUMENTATION_COMMENTS = YES;
				CLANG_WARN_EMPTY_BODY = YES;
				CLANG_WARN_ENUM_CONVERSION = YES;
				CLANG_WARN_INFINITE_RECURSION = YES;
				CLANG_WARN_INT_CONVERSION = YES;
				CLANG_WARN_NON_LITERAL_NULL_CONVERSION = YES;
				CLANG_WARN_OBJC_IMPLICIT_RETAIN_SELF = YES;
				CLANG_WARN_OBJC_LITERAL_CONVERSION = YES;
				CLANG_WARN_OBJC_ROOT_CLASS = YES_ERROR;
				CLANG_WARN_RANGE_LOOP_ANALYSIS = YES;
				CLANG_WARN_STRICT_PROTOTYPES = YES;
				CLANG_WARN_SUSPICIOUS_MOVE = YES;
				CLANG_WARN_UNGUARDED_AVAILABILITY = YES_AGGRESSIVE;
				CLANG_WARN_UNREACHABLE_CODE = YES;
				CLANG_WARN__DUPLICATE_METHOD_MATCH = YES;
				COPY_PHASE_STRIP = NO;
				DEBUG_INFORMATION_FORMAT = dwarf;
				ENABLE_STRICT_OBJC_MSGSEND = YES;
				ENABLE_TESTABILITY = YES;
				GCC_C_LANGUAGE_STANDARD = gnu11;
				GCC_DYNAMIC_NO_PIC = NO;
				GCC_NO_COMMON_BLOCKS = YES;
				GCC_OPTIMIZATION_LEVEL = 0;
				GCC_PREPROCESSOR_DEFINITIONS = (
					"DEBUG=1",
					"$(inherited)",
				);
				GCC_WARN_64_TO_32_BIT_CONVERSION = YES;
				GCC_WARN_ABOUT_RETURN_TYPE = YES_ERROR;
				GCC_WARN_UNDECLARED_SELECTOR = YES;
				GCC_WARN_UNINITIALIZED_AUTOS = YES_AGGRESSIVE;
				GCC_WARN_UNUSED_FUNCTION = YES;
				GCC_WARN_UNUSED_VARIABLE = YES;
				MACOSX_DEPLOYMENT_TARGET = 10.15;
				MTL_ENABLE_DEBUG_INFO = INCLUDE_SOURCE;
				MTL_FAST_MATH = YES;
				ONLY_ACTIVE_ARCH = YES;
				SDKROOT = macosx;
				SWIFT_ACTIVE_COMPILATION_CONDITIONS = DEBUG;
				SWIFT_OPTIMIZATION_LEVEL = "-Onone";
			};
			name = Debug;
		};
		94413ACB24806F9C00329A04 /* Release */ = {
			isa = XCBuildConfiguration;
			buildSettings = {
				ALWAYS_SEARCH_USER_PATHS = NO;
				CLANG_ANALYZER_NONNULL = YES;
				CLANG_ANALYZER_NUMBER_OBJECT_CONVERSION = YES_AGGRESSIVE;
				CLANG_CXX_LANGUAGE_STANDARD = "gnu++14";
				CLANG_CXX_LIBRARY = "libc++";
				CLANG_ENABLE_MODULES = YES;
				CLANG_ENABLE_OBJC_ARC = YES;
				CLANG_ENABLE_OBJC_WEAK = YES;
				CLANG_WARN_BLOCK_CAPTURE_AUTORELEASING = YES;
				CLANG_WARN_BOOL_CONVERSION = YES;
				CLANG_WARN_COMMA = YES;
				CLANG_WARN_CONSTANT_CONVERSION = YES;
				CLANG_WARN_DEPRECATED_OBJC_IMPLEMENTATIONS = YES;
				CLANG_WARN_DIRECT_OBJC_ISA_USAGE = YES_ERROR;
				CLANG_WARN_DOCUMENTATION_COMMENTS = YES;
				CLANG_WARN_EMPTY_BODY = YES;
				CLANG_WARN_ENUM_CONVERSION = YES;
				CLANG_WARN_INFINITE_RECURSION = YES;
				CLANG_WARN_INT_CONVERSION = YES;
				CLANG_WARN_NON_LITERAL_NULL_CONVERSION = YES;
				CLANG_WARN_OBJC_IMPLICIT_RETAIN_SELF = YES;
				CLANG_WARN_OBJC_LITERAL_CONVERSION = YES;
				CLANG_WARN_OBJC_ROOT_CLASS = YES_ERROR;
				CLANG_WARN_RANGE_LOOP_ANALYSIS = YES;
				CLANG_WARN_STRICT_PROTOTYPES = YES;
				CLANG_WARN_SUSPICIOUS_MOVE = YES;
				CLANG_WARN_UNGUARDED_AVAILABILITY = YES_AGGRESSIVE;
				CLANG_WARN_UNREACHABLE_CODE = YES;
				CLANG_WARN__DUPLICATE_METHOD_MATCH = YES;
				COPY_PHASE_STRIP = NO;
				DEBUG_INFORMATION_FORMAT = "dwarf-with-dsym";
				ENABLE_NS_ASSERTIONS = NO;
				ENABLE_STRICT_OBJC_MSGSEND = YES;
				GCC_C_LANGUAGE_STANDARD = gnu11;
				GCC_NO_COMMON_BLOCKS = YES;
				GCC_WARN_64_TO_32_BIT_CONVERSION = YES;
				GCC_WARN_ABOUT_RETURN_TYPE = YES_ERROR;
				GCC_WARN_UNDECLARED_SELECTOR = YES;
				GCC_WARN_UNINITIALIZED_AUTOS = YES_AGGRESSIVE;
				GCC_WARN_UNUSED_FUNCTION = YES;
				GCC_WARN_UNUSED_VARIABLE = YES;
				MACOSX_DEPLOYMENT_TARGET = 10.15;
				MTL_ENABLE_DEBUG_INFO = NO;
				MTL_FAST_MATH = YES;
				SDKROOT = macosx;
				SWIFT_COMPILATION_MODE = wholemodule;
				SWIFT_OPTIMIZATION_LEVEL = "-O";
			};
			name = Release;
		};
		94413ACD24806F9C00329A04 /* Debug */ = {
			isa = XCBuildConfiguration;
			buildSettings = {
				CODE_SIGN_ENTITLEMENTS = "Tabby Extension/Tabby_Extension.entitlements";
				CODE_SIGN_STYLE = Automatic;
				CURRENT_PROJECT_VERSION = 1;
				DEVELOPMENT_TEAM = FVC2SFVFYG;
				ENABLE_HARDENED_RUNTIME = YES;
				INFOPLIST_FILE = "Tabby Extension/Info.plist";
				LD_RUNPATH_SEARCH_PATHS = (
					"$(inherited)",
					"@executable_path/../Frameworks",
					"@executable_path/../../../../Frameworks",
				);
				MARKETING_VERSION = 1.01;
				PRODUCT_BUNDLE_IDENTIFIER = wingover.Tabby.Extension;
				PRODUCT_NAME = "$(TARGET_NAME)";
				SKIP_INSTALL = YES;
				SWIFT_VERSION = 5.0;
			};
			name = Debug;
		};
		94413ACE24806F9C00329A04 /* Release */ = {
			isa = XCBuildConfiguration;
			buildSettings = {
				CODE_SIGN_ENTITLEMENTS = "Tabby Extension/Tabby_Extension.entitlements";
				CODE_SIGN_STYLE = Automatic;
				CURRENT_PROJECT_VERSION = 1;
				DEVELOPMENT_TEAM = FVC2SFVFYG;
				ENABLE_HARDENED_RUNTIME = YES;
				INFOPLIST_FILE = "Tabby Extension/Info.plist";
				LD_RUNPATH_SEARCH_PATHS = (
					"$(inherited)",
					"@executable_path/../Frameworks",
					"@executable_path/../../../../Frameworks",
				);
				MARKETING_VERSION = 1.01;
				PRODUCT_BUNDLE_IDENTIFIER = wingover.Tabby.Extension;
				PRODUCT_NAME = "$(TARGET_NAME)";
				SKIP_INSTALL = YES;
				SWIFT_VERSION = 5.0;
			};
			name = Release;
		};
		94413AD124806F9C00329A04 /* Debug */ = {
			isa = XCBuildConfiguration;
			buildSettings = {
				ALWAYS_EMBED_SWIFT_STANDARD_LIBRARIES = YES;
				ASSETCATALOG_COMPILER_APPICON_NAME = AppIcon;
				CODE_SIGN_ENTITLEMENTS = Tabby/Tabby.entitlements;
				CODE_SIGN_STYLE = Automatic;
				COMBINE_HIDPI_IMAGES = YES;
				CURRENT_PROJECT_VERSION = 1;
				DEVELOPMENT_TEAM = FVC2SFVFYG;
				ENABLE_HARDENED_RUNTIME = YES;
				INFOPLIST_FILE = Tabby/Info.plist;
				LD_RUNPATH_SEARCH_PATHS = (
					"$(inherited)",
					"@executable_path/../Frameworks",
				);
				MACOSX_DEPLOYMENT_TARGET = 10.14;
				MARKETING_VERSION = 1.1;
				PRODUCT_BUNDLE_IDENTIFIER = wingover.Tabby;
				PRODUCT_NAME = "$(TARGET_NAME)";
				SWIFT_VERSION = 5.0;
			};
			name = Debug;
		};
		94413AD224806F9C00329A04 /* Release */ = {
			isa = XCBuildConfiguration;
			buildSettings = {
				ALWAYS_EMBED_SWIFT_STANDARD_LIBRARIES = YES;
				ASSETCATALOG_COMPILER_APPICON_NAME = AppIcon;
				CODE_SIGN_ENTITLEMENTS = Tabby/Tabby.entitlements;
				CODE_SIGN_STYLE = Automatic;
				COMBINE_HIDPI_IMAGES = YES;
				CURRENT_PROJECT_VERSION = 1;
				DEVELOPMENT_TEAM = FVC2SFVFYG;
				ENABLE_HARDENED_RUNTIME = YES;
				INFOPLIST_FILE = Tabby/Info.plist;
				LD_RUNPATH_SEARCH_PATHS = (
					"$(inherited)",
					"@executable_path/../Frameworks",
				);
				MACOSX_DEPLOYMENT_TARGET = 10.14;
				MARKETING_VERSION = 1.1;
				PRODUCT_BUNDLE_IDENTIFIER = wingover.Tabby;
				PRODUCT_NAME = "$(TARGET_NAME)";
				SWIFT_VERSION = 5.0;
			};
			name = Release;
		};
/* End XCBuildConfiguration section */

/* Begin XCConfigurationList section */
		94413A9D24806F9800329A04 /* Build configuration list for PBXProject "Tabby the Copycat" */ = {
			isa = XCConfigurationList;
			buildConfigurations = (
				94413ACA24806F9C00329A04 /* Debug */,
				94413ACB24806F9C00329A04 /* Release */,
			);
			defaultConfigurationIsVisible = 0;
			defaultConfigurationName = Release;
		};
		94413ACC24806F9C00329A04 /* Build configuration list for PBXNativeTarget "Tabby the Copycat Extension" */ = {
			isa = XCConfigurationList;
			buildConfigurations = (
				94413ACD24806F9C00329A04 /* Debug */,
				94413ACE24806F9C00329A04 /* Release */,
			);
			defaultConfigurationIsVisible = 0;
			defaultConfigurationName = Release;
		};
		94413AD024806F9C00329A04 /* Build configuration list for PBXNativeTarget "Tabby the Copycat" */ = {
			isa = XCConfigurationList;
			buildConfigurations = (
				94413AD124806F9C00329A04 /* Debug */,
				94413AD224806F9C00329A04 /* Release */,
			);
			defaultConfigurationIsVisible = 0;
			defaultConfigurationName = Release;
		};
/* End XCConfigurationList section */
	};
	rootObject = 94413A9A24806F9800329A04 /* Project object */;
}
